<?xml version="1.0" encoding="UTF-8" standalone="yes" ?>
<CodeBlocks_project_file>
	<FileVersion major="1" minor="6" />
	<Project>
		<Option title="KinSim" />
		<Option pch_mode="2" />
		<Option compiler="gcc" />
		<Build>
			<Target title="Debug">
				<Option output="bin/Debug/KinSim" prefix_auto="1" extension_auto="1" />
				<Option object_output="obj/Debug/" />
				<Option type="1" />
				<Option compiler="gcc" />
				<Compiler>
					<Add option="-g" />
				</Compiler>
			</Target>
			<Target title="Release">
				<Option output="bin/Release/KinSim" prefix_auto="1" extension_auto="1" />
				<Option object_output="obj/Release/" />
				<Option type="1" />
				<Option compiler="gcc" />
				<Compiler>
					<Add option="-O2" />
				</Compiler>
				<Linker>
					<Add option="-s" />
				</Linker>
			</Target>
		</Build>
		<Compiler>
			<Add option="-Wall" />
			<Add option="-std=c99" />
		</Compiler>
		<Linker>
			<Add option="`pkg-config --static --libs glfw3`" />
		</Linker>
		<Unit filename="easygl.cpp" />
		<Unit filename="easygl.h" />
		<Unit filename="gcode.cpp" />
		<Unit filename="gcode.h" />
		<Unit filename="interpolator.c">
			<Option compilerVar="CC" />
		</Unit>
		<Unit filename="interpolator.h" />
		<Unit filename="main.cpp" />
		<Unit filename="path.c">
			<Option compilerVar="CC" />
		</Unit>
		<Unit filename="path.h" />
		<Unit filename="stl.cpp" />
		<Unit filename="stl.h" />
		<Extensions>
			<envvars />
			<code_completion />
			<debugger />
		</Extensions>
	</Project>
</CodeBlocks_project_file>
