// !$*UTF8*$!
{
	archiveVersion = 1;
	classes = {
	};
	objectVersion = 46;
	objects = {

/* Begin PBXBuildFile section */
		87BF0C191835A55000D4ABBC /* main.cpp in Sources */ = {isa = PBXBuildFile; fileRef = 87BF0C181835A55000D4ABBC /* main.cpp */; };
		87BF0C1F1835A5CF00D4ABBC /* cmot.cpp in Sources */ = {isa = PBXBuildFile; fileRef = A73FFDA518355B2D00F6EAAB /* cmot.cpp */; };
		A719388D1831719F009EFD11 /* Cocoa.framework in Frameworks */ = {isa = PBXBuildFile; fileRef = A719388C1831719F009EFD11 /* Cocoa.framework */; };
		A71938971831719F009EFD11 /* InfoPlist.strings in Resources */ = {isa = PBXBuildFile; fileRef = A71938951831719F009EFD11 /* InfoPlist.strings */; };
		A71938991831719F009EFD11 /* main.m in Sources */ = {isa = PBXBuildFile; fileRef = A71938981831719F009EFD11 /* main.m */; };
		A719389D1831719F009EFD11 /* Credits.rtf in Resources */ = {isa = PBXBuildFile; fileRef = A719389B1831719F009EFD11 /* Credits.rtf */; };
		A71938A01831719F009EFD11 /* AppDelegate.mm in Sources */ = {isa = PBXBuildFile; fileRef = A719389F1831719F009EFD11 /* AppDelegate.mm */; };
		A71938A31831719F009EFD11 /* MainMenu.xib in Resources */ = {isa = PBXBuildFile; fileRef = A71938A11831719F009EFD11 /* MainMenu.xib */; };
		A71938A51831719F009EFD11 /* Images.xcassets in Resources */ = {isa = PBXBuildFile; fileRef = A71938A41831719F009EFD11 /* Images.xcassets */; };
		A71938C2183171DD009EFD11 /* KinOpenGLView.m in Sources */ = {isa = PBXBuildFile; fileRef = A71938C1183171DD009EFD11 /* KinOpenGLView.m */; };
		A71938C41831723C009EFD11 /* OpenGL.framework in Frameworks */ = {isa = PBXBuildFile; fileRef = A71938C31831723C009EFD11 /* OpenGL.framework */; };
		A71938C618318388009EFD11 /* GLKit.framework in Frameworks */ = {isa = PBXBuildFile; fileRef = A71938C518318388009EFD11 /* GLKit.framework */; };
		A71938C818319FF6009EFD11 /* interpolator.c in Sources */ = {isa = PBXBuildFile; fileRef = A71938C718319FF6009EFD11 /* interpolator.c */; };
		A73FFD9F18353CB600F6EAAB /* path.c in Sources */ = {isa = PBXBuildFile; fileRef = A73FFD9E18353CB600F6EAAB /* path.c */; };
		A73FFDA21835470200F6EAAB /* gcode.cpp in Sources */ = {isa = PBXBuildFile; fileRef = A73FFDA11835470200F6EAAB /* gcode.cpp */; };
		A7AC763A18357400009DFF34 /* gcode.ngc in Resources */ = {isa = PBXBuildFile; fileRef = A73FFDA4183556E600F6EAAB /* gcode.ngc */; };
		A7AC763C18357EAB009DFF34 /* easygl.c in Sources */ = {isa = PBXBuildFile; fileRef = A7AC763B18357EAB009DFF34 /* easygl.c */; };
/* End PBXBuildFile section */

/* Begin PBXContainerItemProxy section */
		A71938AE1831719F009EFD11 /* PBXContainerItemProxy */ = {
			isa = PBXContainerItemProxy;
			containerPortal = A71938811831719F009EFD11 /* Project object */;
			proxyType = 1;
			remoteGlobalIDString = A71938881831719F009EFD11;
			remoteInfo = kinsim;
		};
/* End PBXContainerItemProxy section */

/* Begin PBXCopyFilesBuildPhase section */
		87BF0C141835A55000D4ABBC /* CopyFiles */ = {
			isa = PBXCopyFilesBuildPhase;
			buildActionMask = 2147483647;
			dstPath = /usr/share/man/man1/;
			dstSubfolderSpec = 0;
			files = (
			);
			runOnlyForDeploymentPostprocessing = 1;
		};
/* End PBXCopyFilesBuildPhase section */

/* Begin PBXFileReference section */
		87BF0C161835A55000D4ABBC /* cmot */ = {isa = PBXFileReference; explicitFileType = "compiled.mach-o.executable"; includeInIndex = 0; path = cmot; sourceTree = BUILT_PRODUCTS_DIR; };
		87BF0C181835A55000D4ABBC /* main.cpp */ = {isa = PBXFileReference; lastKnownFileType = sourcecode.cpp.cpp; path = main.cpp; sourceTree = "<group>"; };
		A71938891831719F009EFD11 /* kinsim.app */ = {isa = PBXFileReference; explicitFileType = wrapper.application; includeInIndex = 0; path = kinsim.app; sourceTree = BUILT_PRODUCTS_DIR; };
		A719388C1831719F009EFD11 /* Cocoa.framework */ = {isa = PBXFileReference; lastKnownFileType = wrapper.framework; name = Cocoa.framework; path = System/Library/Frameworks/Cocoa.framework; sourceTree = SDKROOT; };
		A719388F1831719F009EFD11 /* AppKit.framework */ = {isa = PBXFileReference; lastKnownFileType = wrapper.framework; name = AppKit.framework; path = System/Library/Frameworks/AppKit.framework; sourceTree = SDKROOT; };
		A71938901831719F009EFD11 /* CoreData.framework */ = {isa = PBXFileReference; lastKnownFileType = wrapper.framework; name = CoreData.framework; path = System/Library/Frameworks/CoreData.framework; sourceTree = SDKROOT; };
		A71938911831719F009EFD11 /* Foundation.framework */ = {isa = PBXFileReference; lastKnownFileType = wrapper.framework; name = Foundation.framework; path = System/Library/Frameworks/Foundation.framework; sourceTree = SDKROOT; };
		A71938941831719F009EFD11 /* kinsim-Info.plist */ = {isa = PBXFileReference; lastKnownFileType = text.plist.xml; path = "kinsim-Info.plist"; sourceTree = "<group>"; };
		A71938961831719F009EFD11 /* en */ = {isa = PBXFileReference; lastKnownFileType = text.plist.strings; name = en; path = en.lproj/InfoPlist.strings; sourceTree = "<group>"; };
		A71938981831719F009EFD11 /* main.m */ = {isa = PBXFileReference; lastKnownFileType = sourcecode.c.objc; path = main.m; sourceTree = "<group>"; };
		A719389A1831719F009EFD11 /* kinsim-Prefix.pch */ = {isa = PBXFileReference; lastKnownFileType = sourcecode.c.h; path = "kinsim-Prefix.pch"; sourceTree = "<group>"; };
		A719389C1831719F009EFD11 /* en */ = {isa = PBXFileReference; lastKnownFileType = text.rtf; name = en; path = en.lproj/Credits.rtf; sourceTree = "<group>"; };
		A719389E1831719F009EFD11 /* AppDelegate.h */ = {isa = PBXFileReference; lastKnownFileType = sourcecode.c.h; path = AppDelegate.h; sourceTree = "<group>"; };
		A719389F1831719F009EFD11 /* AppDelegate.mm */ = {isa = PBXFileReference; lastKnownFileType = sourcecode.cpp.objcpp; path = AppDelegate.mm; sourceTree = "<group>"; };
		A71938A21831719F009EFD11 /* Base */ = {isa = PBXFileReference; lastKnownFileType = file.xib; name = Base; path = Base.lproj/MainMenu.xib; sourceTree = "<group>"; };
		A71938A41831719F009EFD11 /* Images.xcassets */ = {isa = PBXFileReference; lastKnownFileType = folder.assetcatalog; path = Images.xcassets; sourceTree = "<group>"; };
		A71938AB1831719F009EFD11 /* XCTest.framework */ = {isa = PBXFileReference; lastKnownFileType = wrapper.framework; name = XCTest.framework; path = Library/Frameworks/XCTest.framework; sourceTree = DEVELOPER_DIR; };
		A71938C0183171DD009EFD11 /* KinOpenGLView.h */ = {isa = PBXFileReference; fileEncoding = 4; lastKnownFileType = sourcecode.c.h; path = KinOpenGLView.h; sourceTree = "<group>"; };
		A71938C1183171DD009EFD11 /* KinOpenGLView.m */ = {isa = PBXFileReference; fileEncoding = 4; lastKnownFileType = sourcecode.c.objc; path = KinOpenGLView.m; sourceTree = "<group>"; };
		A71938C31831723C009EFD11 /* OpenGL.framework */ = {isa = PBXFileReference; lastKnownFileType = wrapper.framework; name = OpenGL.framework; path = System/Library/Frameworks/OpenGL.framework; sourceTree = SDKROOT; };
		A71938C518318388009EFD11 /* GLKit.framework */ = {isa = PBXFileReference; lastKnownFileType = wrapper.framework; name = GLKit.framework; path = System/Library/Frameworks/GLKit.framework; sourceTree = SDKROOT; };
		A71938C718319FF6009EFD11 /* interpolator.c */ = {isa = PBXFileReference; fileEncoding = 4; lastKnownFileType = sourcecode.c.c; path = interpolator.c; sourceTree = "<group>"; };
		A71938C91831A020009EFD11 /* interpolator.h */ = {isa = PBXFileReference; fileEncoding = 4; lastKnownFileType = sourcecode.c.h; path = interpolator.h; sourceTree = "<group>"; };
		A73FFD9E18353CB600F6EAAB /* path.c */ = {isa = PBXFileReference; fileEncoding = 4; lastKnownFileType = sourcecode.c.c; path = path.c; sourceTree = "<group>"; };
		A73FFDA018353CD900F6EAAB /* path.h */ = {isa = PBXFileReference; lastKnownFileType = sourcecode.c.h; path = path.h; sourceTree = "<group>"; };
		A73FFDA11835470200F6EAAB /* gcode.cpp */ = {isa = PBXFileReference; fileEncoding = 4; lastKnownFileType = sourcecode.cpp.cpp; path = gcode.cpp; sourceTree = "<group>"; };
		A73FFDA31835503D00F6EAAB /* gcode.h */ = {isa = PBXFileReference; lastKnownFileType = sourcecode.c.h; path = gcode.h; sourceTree = "<group>"; };
		A73FFDA4183556E600F6EAAB /* gcode.ngc */ = {isa = PBXFileReference; lastKnownFileType = text; path = gcode.ngc; sourceTree = "<group>"; };
		A73FFDA518355B2D00F6EAAB /* cmot.cpp */ = {isa = PBXFileReference; lastKnownFileType = sourcecode.cpp.cpp; name = cmot.cpp; path = ../kinsim/cmot.cpp; sourceTree = "<group>"; };
		A73FFDA618355B2D00F6EAAB /* cmot.h */ = {isa = PBXFileReference; lastKnownFileType = sourcecode.c.h; name = cmot.h; path = ../kinsim/cmot.h; sourceTree = "<group>"; };
		A7AC763B18357EAB009DFF34 /* easygl.c */ = {isa = PBXFileReference; fileEncoding = 4; lastKnownFileType = sourcecode.c.c; path = easygl.c; sourceTree = "<group>"; };
		A7AC763D18357EBD009DFF34 /* easygl.h */ = {isa = PBXFileReference; lastKnownFileType = sourcecode.c.h; path = easygl.h; sourceTree = "<group>"; };
/* End PBXFileReference section */

/* Begin PBXFrameworksBuildPhase section */
		87BF0C131835A55000D4ABBC /* Frameworks */ = {
			isa = PBXFrameworksBuildPhase;
			buildActionMask = 2147483647;
			files = (
			);
			runOnlyForDeploymentPostprocessing = 0;
		};
		A71938861831719F009EFD11 /* Frameworks */ = {
			isa = PBXFrameworksBuildPhase;
			buildActionMask = 2147483647;
			files = (
				A71938C618318388009EFD11 /* GLKit.framework in Frameworks */,
				A71938C41831723C009EFD11 /* OpenGL.framework in Frameworks */,
				A719388D1831719F009EFD11 /* Cocoa.framework in Frameworks */,
			);
			runOnlyForDeploymentPostprocessing = 0;
		};
/* End PBXFrameworksBuildPhase section */

/* Begin PBXGroup section */
		87BF0C171835A55000D4ABBC /* cmot */ = {
			isa = PBXGroup;
			children = (
				A73FFDA518355B2D00F6EAAB /* cmot.cpp */,
				A73FFDA618355B2D00F6EAAB /* cmot.h */,
				87BF0C181835A55000D4ABBC /* main.cpp */,
			);
			path = cmot;
			sourceTree = "<group>";
		};
		A71938801831719F009EFD11 = {
			isa = PBXGroup;
			children = (
				A71938921831719F009EFD11 /* kinsim */,
				A71938B01831719F009EFD11 /* kinsimTests */,
				87BF0C171835A55000D4ABBC /* cmot */,
				A719388B1831719F009EFD11 /* Frameworks */,
				A719388A1831719F009EFD11 /* Products */,
			);
			sourceTree = "<group>";
		};
		A719388A1831719F009EFD11 /* Products */ = {
			isa = PBXGroup;
			children = (
				A71938891831719F009EFD11 /* kinsim.app */,
				A71938AA1831719F009EFD11 /* kinsimTests.xctest */,
				87BF0C161835A55000D4ABBC /* cmot */,
			);
			name = Products;
			sourceTree = "<group>";
		};
		A719388B1831719F009EFD11 /* Frameworks */ = {
			isa = PBXGroup;
			children = (
				A71938C518318388009EFD11 /* GLKit.framework */,
				A71938C31831723C009EFD11 /* OpenGL.framework */,
				A719388C1831719F009EFD11 /* Cocoa.framework */,
				A71938AB1831719F009EFD11 /* XCTest.framework */,
				A719388E1831719F009EFD11 /* Other Frameworks */,
			);
			name = Frameworks;
			sourceTree = "<group>";
		};
		A719388E1831719F009EFD11 /* Other Frameworks */ = {
			isa = PBXGroup;
			children = (
				A719388F1831719F009EFD11 /* AppKit.framework */,
				A71938901831719F009EFD11 /* CoreData.framework */,
				A71938911831719F009EFD11 /* Foundation.framework */,
			);
			name = "Other Frameworks";
			sourceTree = "<group>";
		};
		A71938921831719F009EFD11 /* kinsim */ = {
			isa = PBXGroup;
			children = (
				A73FFDA4183556E600F6EAAB /* gcode.ngc */,
				A73FFDA11835470200F6EAAB /* gcode.cpp */,
				A73FFDA31835503D00F6EAAB /* gcode.h */,
				A7AC763B18357EAB009DFF34 /* easygl.c */,
				A7AC763D18357EBD009DFF34 /* easygl.h */,
				A71938C718319FF6009EFD11 /* interpolator.c */,
				A71938C91831A020009EFD11 /* interpolator.h */,
				A73FFD9E18353CB600F6EAAB /* path.c */,
				A73FFDA018353CD900F6EAAB /* path.h */,
				A71938C0183171DD009EFD11 /* KinOpenGLView.h */,
				A71938C1183171DD009EFD11 /* KinOpenGLView.m */,
				A719389E1831719F009EFD11 /* AppDelegate.h */,
				A719389F1831719F009EFD11 /* AppDelegate.mm */,
				A71938A11831719F009EFD11 /* MainMenu.xib */,
				A71938A41831719F009EFD11 /* Images.xcassets */,
				A71938931831719F009EFD11 /* Supporting Files */,
			);
			path = kinsim;
			sourceTree = "<group>";
		};
		A71938931831719F009EFD11 /* Supporting Files */ = {
			isa = PBXGroup;
			children = (
				A71938941831719F009EFD11 /* kinsim-Info.plist */,
				A71938951831719F009EFD11 /* InfoPlist.strings */,
				A71938981831719F009EFD11 /* main.m */,
				A719389A1831719F009EFD11 /* kinsim-Prefix.pch */,
				A719389B1831719F009EFD11 /* Credits.rtf */,
			);
			name = "Supporting Files";
			sourceTree = "<group>";
		};
/* End PBXGroup section */

/* Begin PBXNativeTarget section */
		87BF0C151835A55000D4ABBC /* cmot */ = {
			isa = PBXNativeTarget;
			buildConfigurationList = 87BF0C1E1835A55000D4ABBC /* Build configuration list for PBXNativeTarget "cmot" */;
			buildPhases = (
				87BF0C121835A55000D4ABBC /* Sources */,
				87BF0C131835A55000D4ABBC /* Frameworks */,
				87BF0C141835A55000D4ABBC /* CopyFiles */,
			);
			buildRules = (
			);
			dependencies = (
			);
			name = cmot;
			productName = cmot;
			productReference = 87BF0C161835A55000D4ABBC /* cmot */;
			productType = "com.apple.product-type.tool";
		};
		A71938881831719F009EFD11 /* kinsim */ = {
			isa = PBXNativeTarget;
			buildConfigurationList = A71938BA183171A0009EFD11 /* Build configuration list for PBXNativeTarget "kinsim" */;
			buildPhases = (
				A71938851831719F009EFD11 /* Sources */,
				A71938861831719F009EFD11 /* Frameworks */,
				A71938871831719F009EFD11 /* Resources */,
			);
			buildRules = (
			);
			dependencies = (
			);
			name = kinsim;
			productName = kinsim;
			productReference = A71938891831719F009EFD11 /* kinsim.app */;
			productType = "com.apple.product-type.application";
		};
/* End PBXNativeTarget section */

/* Begin PBXProject section */
		A71938811831719F009EFD11 /* Project object */ = {
			isa = PBXProject;
			attributes = {
				LastUpgradeCheck = 0500;
				ORGANIZATIONNAME = Rene;
			};
			buildConfigurationList = A71938841831719F009EFD11 /* Build configuration list for PBXProject "kinsim" */;
			compatibilityVersion = "Xcode 3.2";
			developmentRegion = English;
			hasScannedForEncodings = 0;
			knownRegions = (
				en,
				Base,
			);
			mainGroup = A71938801831719F009EFD11;
			productRefGroup = A719388A1831719F009EFD11 /* Products */;
			projectDirPath = "";
			projectRoot = "";
			targets = (
				A71938881831719F009EFD11 /* kinsim */,
				A71938A91831719F009EFD11 /* kinsimTests */,
				87BF0C151835A55000D4ABBC /* cmot */,
			);
		};
/* End PBXProject section */

/* Begin PBXResourcesBuildPhase section */
		A71938871831719F009EFD11 /* Resources */ = {
			isa = PBXResourcesBuildPhase;
			buildActionMask = 2147483647;
			files = (
				A71938971831719F009EFD11 /* InfoPlist.strings in Resources */,
				A71938A51831719F009EFD11 /* Images.xcassets in Resources */,
				A719389D1831719F009EFD11 /* Credits.rtf in Resources */,
				A71938A31831719F009EFD11 /* MainMenu.xib in Resources */,
				A7AC763A18357400009DFF34 /* gcode.ngc in Resources */,
			);
			runOnlyForDeploymentPostprocessing = 0;
		};
/* End PBXResourcesBuildPhase section */

/* Begin PBXSourcesBuildPhase section */
		87BF0C121835A55000D4ABBC /* Sources */ = {
			isa = PBXSourcesBuildPhase;
			buildActionMask = 2147483647;
			files = (
				87BF0C1F1835A5CF00D4ABBC /* cmot.cpp in Sources */,
				87BF0C191835A55000D4ABBC /* main.cpp in Sources */,
			);
			runOnlyForDeploymentPostprocessing = 0;
		};
		A71938851831719F009EFD11 /* Sources */ = {
			isa = PBXSourcesBuildPhase;
			buildActionMask = 2147483647;
			files = (
				A7AC763C18357EAB009DFF34 /* easygl.c in Sources */,
				A73FFD9F18353CB600F6EAAB /* path.c in Sources */,
				A71938C818319FF6009EFD11 /* interpolator.c in Sources */,
				A71938A01831719F009EFD11 /* AppDelegate.mm in Sources */,
				A71938C2183171DD009EFD11 /* KinOpenGLView.m in Sources */,
				A73FFDA21835470200F6EAAB /* gcode.cpp in Sources */,
				A71938991831719F009EFD11 /* main.m in Sources */,
			);
			runOnlyForDeploymentPostprocessing = 0;
		};
/* End PBXSourcesBuildPhase section */

/* Begin PBXVariantGroup section */
		A71938951831719F009EFD11 /* InfoPlist.strings */ = {
			isa = PBXVariantGroup;
			children = (
				A71938961831719F009EFD11 /* en */,
			);
			name = InfoPlist.strings;
			sourceTree = "<group>";
		};
		A719389B1831719F009EFD11 /* Credits.rtf */ = {
			isa = PBXVariantGroup;
			children = (
				A719389C1831719F009EFD11 /* en */,
			);
			name = Credits.rtf;
			sourceTree = "<group>";
		};
		A71938A11831719F009EFD11 /* MainMenu.xib */ = {
			isa = PBXVariantGroup;
			children = (
				A71938A21831719F009EFD11 /* Base */,
			);
			name = MainMenu.xib;
			sourceTree = "<group>";
		};
/* End PBXVariantGroup section */

/* Begin XCBuildConfiguration section */
		87BF0C1C1835A55000D4ABBC /* Debug */ = {
			isa = XCBuildConfiguration;
			buildSettings = {
				GCC_PREPROCESSOR_DEFINITIONS = (
					"DEBUG=1",
					"$(inherited)",
				);
				MACOSX_DEPLOYMENT_TARGET = 10.8;
				PRODUCT_NAME = "$(TARGET_NAME)";
			};
			name = Debug;
		};
		87BF0C1D1835A55000D4ABBC /* Release */ = {
			isa = XCBuildConfiguration;
			buildSettings = {
				MACOSX_DEPLOYMENT_TARGET = 10.8;
				PRODUCT_NAME = "$(TARGET_NAME)";
			};
			name = Release;
		};
		A71938B8183171A0009EFD11 /* Debug */ = {
			isa = XCBuildConfiguration;
			buildSettings = {
				ALWAYS_SEARCH_USER_PATHS = NO;
				CLANG_CXX_LANGUAGE_STANDARD = "gnu++0x";
				CLANG_CXX_LIBRARY = "libc++";
				CLANG_ENABLE_OBJC_ARC = YES;
				CLANG_WARN_BOOL_CONVERSION = YES;
				CLANG_WARN_CONSTANT_CONVERSION = YES;
				CLANG_WARN_DIRECT_OBJC_ISA_USAGE = YES_ERROR;
				CLANG_WARN_EMPTY_BODY = YES;
				CLANG_WARN_ENUM_CONVERSION = YES;
				CLANG_WARN_INT_CONVERSION = YES;
				CLANG_WARN_OBJC_ROOT_CLASS = YES_ERROR;
				CLANG_WARN__DUPLICATE_METHOD_MATCH = YES;
				COPY_PHASE_STRIP = NO;
				GCC_C_LANGUAGE_STANDARD = gnu99;
				GCC_DYNAMIC_NO_PIC = NO;
				GCC_ENABLE_OBJC_EXCEPTIONS = YES;
				GCC_OPTIMIZATION_LEVEL = 0;
				GCC_PREPROCESSOR_DEFINITIONS = (
					"DEBUG=1",
					"$(inherited)",
				);
				GCC_SYMBOLS_PRIVATE_EXTERN = NO;
				GCC_WARN_64_TO_32_BIT_CONVERSION = YES;
				GCC_WARN_ABOUT_RETURN_TYPE = YES_ERROR;
				GCC_WARN_UNDECLARED_SELECTOR = YES;
				GCC_WARN_UNINITIALIZED_AUTOS = YES;
				GCC_WARN_UNUSED_FUNCTION = YES;
				GCC_WARN_UNUSED_VARIABLE = YES;
				MACOSX_DEPLOYMENT_TARGET = 10.9;
				ONLY_ACTIVE_ARCH = YES;
				SDKROOT = macosx;
			};
			name = Debug;
		};
		A71938B9183171A0009EFD11 /* Release */ = {
			isa = XCBuildConfiguration;
			buildSettings = {
				ALWAYS_SEARCH_USER_PATHS = NO;
				CLANG_CXX_LANGUAGE_STANDARD = "gnu++0x";
				CLANG_CXX_LIBRARY = "libc++";
				CLANG_ENABLE_OBJC_ARC = YES;
				CLANG_WARN_BOOL_CONVERSION = YES;
				CLANG_WARN_CONSTANT_CONVERSION = YES;
				CLANG_WARN_DIRECT_OBJC_ISA_USAGE = YES_ERROR;
				CLANG_WARN_EMPTY_BODY = YES;
				CLANG_WARN_ENUM_CONVERSION = YES;
				CLANG_WARN_INT_CONVERSION = YES;
				CLANG_WARN_OBJC_ROOT_CLASS = YES_ERROR;
				CLANG_WARN__DUPLICATE_METHOD_MATCH = YES;
				COPY_PHASE_STRIP = YES;
				DEBUG_INFORMATION_FORMAT = "dwarf-with-dsym";
				ENABLE_NS_ASSERTIONS = NO;
				GCC_C_LANGUAGE_STANDARD = gnu99;
				GCC_ENABLE_OBJC_EXCEPTIONS = YES;
				GCC_WARN_64_TO_32_BIT_CONVERSION = YES;
				GCC_WARN_ABOUT_RETURN_TYPE = YES_ERROR;
				GCC_WARN_UNDECLARED_SELECTOR = YES;
				GCC_WARN_UNINITIALIZED_AUTOS = YES;
				GCC_WARN_UNUSED_FUNCTION = YES;
				GCC_WARN_UNUSED_VARIABLE = YES;
				MACOSX_DEPLOYMENT_TARGET = 10.9;
				SDKROOT = macosx;
			};
			name = Release;
		};
		A71938BB183171A0009EFD11 /* Debug */ = {
			isa = XCBuildConfiguration;
			buildSettings = {
				ASSETCATALOG_COMPILER_APPICON_NAME = AppIcon;
				COMBINE_HIDPI_IMAGES = YES;
				GCC_PRECOMPILE_PREFIX_HEADER = YES;
				GCC_PREFIX_HEADER = "kinsim/kinsim-Prefix.pch";
				INFOPLIST_FILE = "kinsim/kinsim-Info.plist";
				MACOSX_DEPLOYMENT_TARGET = 10.8;
				PRODUCT_NAME = "$(TARGET_NAME)";
				SDKROOT = macosx10.8;
				WRAPPER_EXTENSION = app;
			};
			name = Debug;
		};
		A71938BC183171A0009EFD11 /* Release */ = {
			isa = XCBuildConfiguration;
			buildSettings = {
				ASSETCATALOG_COMPILER_APPICON_NAME = AppIcon;
				COMBINE_HIDPI_IMAGES = YES;
				GCC_PRECOMPILE_PREFIX_HEADER = YES;
				GCC_PREFIX_HEADER = "kinsim/kinsim-Prefix.pch";
				INFOPLIST_FILE = "kinsim/kinsim-Info.plist";
				MACOSX_DEPLOYMENT_TARGET = 10.8;
				PRODUCT_NAME = "$(TARGET_NAME)";
				SDKROOT = macosx10.8;
				WRAPPER_EXTENSION = app;
			};
			name = Release;
		};
/* End XCBuildConfiguration section */

/* Begin XCConfigurationList section */
		87BF0C1E1835A55000D4ABBC /* Build configuration list for PBXNativeTarget "cmot" */ = {
			isa = XCConfigurationList;
			buildConfigurations = (
				87BF0C1C1835A55000D4ABBC /* Debug */,
				87BF0C1D1835A55000D4ABBC /* Release */,
			);
			defaultConfigurationIsVisible = 0;
		};
		A71938841831719F009EFD11 /* Build configuration list for PBXProject "kinsim" */ = {
			isa = XCConfigurationList;
			buildConfigurations = (
				A71938B8183171A0009EFD11 /* Debug */,
				A71938B9183171A0009EFD11 /* Release */,
			);
			defaultConfigurationIsVisible = 0;
			defaultConfigurationName = Release;
		};
		A71938BA183171A0009EFD11 /* Build configuration list for PBXNativeTarget "kinsim" */ = {
			isa = XCConfigurationList;
			buildConfigurations = (
				A71938BB183171A0009EFD11 /* Debug */,
				A71938BC183171A0009EFD11 /* Release */,
			);
			defaultConfigurationIsVisible = 0;
			defaultConfigurationName = Release;
		};
/* End XCConfigurationList section */
	};
	rootObject = A71938811831719F009EFD11 /* Project object */;
}
